
Microsoft Visual Studio Solution File, Format Version 12.00
# Visual Studio Version 17
VisualStudioVersion = 17.9.34728.123
MinimumVisualStudioVersion = 10.0.40219.1
Project("{FAE04EC0-301F-11D3-BF4B-00C04F79EFBC}") = "FlightsApp", "FlightsApp\FlightsApp.csproj", "{5221EBC6-9A9B-4502-A1FB-04ED97147CD3}"
EndProject
Global
	GlobalSection(SolutionConfigurationPlatforms) = preSolution
		Debug|Any CPU = Debug|Any CPU
		Release|Any CPU = Release|Any CPU
	EndGlobalSection
	GlobalSection(ProjectConfigurationPlatforms) = postSolution
		{5221EBC6-9A9B-4502-A1FB-04ED97147CD3}.Debug|Any CPU.ActiveCfg = Debug|Any CPU
		{5221EBC6-9A9B-4502-A1FB-04ED97147CD3}.Debug|Any CPU.Build.0 = Debug|Any CPU
		{5221EBC6-9A9B-4502-A1FB-04ED97147CD3}.Release|Any CPU.ActiveCfg = Release|Any CPU
		{5221EBC6-9A9B-4502-A1FB-04ED97147CD3}.Release|Any CPU.Build.0 = Release|Any CPU
	EndGlobalSection
	GlobalSection(SolutionProperties) = preSolution
		HideSolutionNode = FALSE
	EndGlobalSection
	GlobalSection(ExtensibilityGlobals) = postSolution
		SolutionGuid = {34B3085B-4297-4300-8110-60823CA750D8}
	EndGlobalSection
EndGlobal
